
Microsoft Visual Studio Solution File, Format Version 12.00
# Visual Studio Version 17
VisualStudioVersion = 17.9.34723.18
MinimumVisualStudioVersion = 10.0.40219.1
Project("{FAE04EC0-301F-11D3-BF4B-00C04F79EFBC}") = "Calculadoradogiovanni", "Calculadoradogiovanni.csproj", "{0ADF63E2-AFC2-4A48-9E6B-6BAB8DBBDA2B}"
EndProject
Global
	GlobalSection(SolutionConfigurationPlatforms) = preSolution
		Debug|Any CPU = Debug|Any CPU
		Release|Any CPU = Release|Any CPU
	EndGlobalSection
	GlobalSection(ProjectConfigurationPlatforms) = postSolution
		{0ADF63E2-AFC2-4A48-9E6B-6BAB8DBBDA2B}.Debug|Any CPU.ActiveCfg = Debug|Any CPU
		{0ADF63E2-AFC2-4A48-9E6B-6BAB8DBBDA2B}.Debug|Any CPU.Build.0 = Debug|Any CPU
		{0ADF63E2-AFC2-4A48-9E6B-6BAB8DBBDA2B}.Release|Any CPU.ActiveCfg = Release|Any CPU
		{0ADF63E2-AFC2-4A48-9E6B-6BAB8DBBDA2B}.Release|Any CPU.Build.0 = Release|Any CPU
	EndGlobalSection
	GlobalSection(SolutionProperties) = preSolution
		HideSolutionNode = FALSE
	EndGlobalSection
	GlobalSection(ExtensibilityGlobals) = postSolution
		SolutionGuid = {60A65EA6-0973-42F9-819A-3B1BBB5BE4BB}
	EndGlobalSection
EndGlobal
